
Microsoft Visual Studio Solution File, Format Version 12.00
# Visual Studio 2012
Project("{FAE04EC0-301F-11D3-BF4B-00C04F79EFBC}") = "game-flight", "game-flight\game-flight.csproj", "{00FA35A5-F37C-4BF8-95A1-D27FCF8E03F5}"
EndProject
Global
	GlobalSection(SolutionConfigurationPlatforms) = preSolution
		Debug|Any CPU = Debug|Any CPU
		Release|Any CPU = Release|Any CPU
	EndGlobalSection
	GlobalSection(ProjectConfigurationPlatforms) = postSolution
		{00FA35A5-F37C-4BF8-95A1-D27FCF8E03F5}.Debug|Any CPU.ActiveCfg = Debug|Any CPU
		{00FA35A5-F37C-4BF8-95A1-D27FCF8E03F5}.Debug|Any CPU.Build.0 = Debug|Any CPU
		{00FA35A5-F37C-4BF8-95A1-D27FCF8E03F5}.Release|Any CPU.ActiveCfg = Release|Any CPU
		{00FA35A5-F37C-4BF8-95A1-D27FCF8E03F5}.Release|Any CPU.Build.0 = Release|Any CPU
	EndGlobalSection
	GlobalSection(SolutionProperties) = preSolution
		HideSolutionNode = FALSE
	EndGlobalSection
EndGlobal
